
Microsoft Visual Studio Solution File, Format Version 12.00
# Visual Studio Version 16
VisualStudioVersion = 16.0.30611.23
MinimumVisualStudioVersion = 10.0.40219.1
Project("{8BC9CEB8-8B4A-11D0-8D11-00A0C91BC942}") = "Q5556", "Q5556.vcxproj", "{E170965C-8009-4265-9CBC-12C46A67295C}"
EndProject
Global
	GlobalSection(SolutionConfigurationPlatforms) = preSolution
		Debug|x64 = Debug|x64
		Debug|x86 = Debug|x86
		Release|x64 = Release|x64
		Release|x86 = Release|x86
	EndGlobalSection
	GlobalSection(ProjectConfigurationPlatforms) = postSolution
		{E170965C-8009-4265-9CBC-12C46A67295C}.Debug|x64.ActiveCfg = Debug|x64
		{E170965C-8009-4265-9CBC-12C46A67295C}.Debug|x64.Build.0 = Debug|x64
		{E170965C-8009-4265-9CBC-12C46A67295C}.Debug|x86.ActiveCfg = Debug|Win32
		{E170965C-8009-4265-9CBC-12C46A67295C}.Debug|x86.Build.0 = Debug|Win32
		{E170965C-8009-4265-9CBC-12C46A67295C}.Release|x64.ActiveCfg = Release|x64
		{E170965C-8009-4265-9CBC-12C46A67295C}.Release|x64.Build.0 = Release|x64
		{E170965C-8009-4265-9CBC-12C46A67295C}.Release|x86.ActiveCfg = Release|Win32
		{E170965C-8009-4265-9CBC-12C46A67295C}.Release|x86.Build.0 = Release|Win32
	EndGlobalSection
	GlobalSection(SolutionProperties) = preSolution
		HideSolutionNode = FALSE
	EndGlobalSection
	GlobalSection(ExtensibilityGlobals) = postSolution
		SolutionGuid = {2732F518-C2BA-4DD7-AF27-9AFFBB771A76}
	EndGlobalSection
EndGlobal
