
Microsoft Visual Studio Solution File, Format Version 12.00
# Visual Studio Version 16
VisualStudioVersion = 16.0.30611.23
MinimumVisualStudioVersion = 10.0.40219.1
Project("{8BC9CEB8-8B4A-11D0-8D11-00A0C91BC942}") = "saikrA", "saikrA.vcxproj", "{20F63790-2B4B-452F-B048-D80039061F53}"
EndProject
Global
	GlobalSection(SolutionConfigurationPlatforms) = preSolution
		Debug|x64 = Debug|x64
		Debug|x86 = Debug|x86
		Release|x64 = Release|x64
		Release|x86 = Release|x86
	EndGlobalSection
	GlobalSection(ProjectConfigurationPlatforms) = postSolution
		{20F63790-2B4B-452F-B048-D80039061F53}.Debug|x64.ActiveCfg = Debug|x64
		{20F63790-2B4B-452F-B048-D80039061F53}.Debug|x64.Build.0 = Debug|x64
		{20F63790-2B4B-452F-B048-D80039061F53}.Debug|x86.ActiveCfg = Debug|Win32
		{20F63790-2B4B-452F-B048-D80039061F53}.Debug|x86.Build.0 = Debug|Win32
		{20F63790-2B4B-452F-B048-D80039061F53}.Release|x64.ActiveCfg = Release|x64
		{20F63790-2B4B-452F-B048-D80039061F53}.Release|x64.Build.0 = Release|x64
		{20F63790-2B4B-452F-B048-D80039061F53}.Release|x86.ActiveCfg = Release|Win32
		{20F63790-2B4B-452F-B048-D80039061F53}.Release|x86.Build.0 = Release|Win32
	EndGlobalSection
	GlobalSection(SolutionProperties) = preSolution
		HideSolutionNode = FALSE
	EndGlobalSection
	GlobalSection(ExtensibilityGlobals) = postSolution
		SolutionGuid = {B3B35536-7A56-4BFF-9404-895273C6B4EE}
	EndGlobalSection
EndGlobal
