
Microsoft Visual Studio Solution File, Format Version 12.00
# Visual Studio Version 16
VisualStudioVersion = 16.0.30611.23
MinimumVisualStudioVersion = 10.0.40219.1
Project("{8BC9CEB8-8B4A-11D0-8D11-00A0C91BC942}") = "Q5555", "Q5555.vcxproj", "{9AA4547B-7464-4361-9405-C0841D35C0AF}"
EndProject
Global
	GlobalSection(SolutionConfigurationPlatforms) = preSolution
		Debug|x64 = Debug|x64
		Debug|x86 = Debug|x86
		Release|x64 = Release|x64
		Release|x86 = Release|x86
	EndGlobalSection
	GlobalSection(ProjectConfigurationPlatforms) = postSolution
		{9AA4547B-7464-4361-9405-C0841D35C0AF}.Debug|x64.ActiveCfg = Debug|x64
		{9AA4547B-7464-4361-9405-C0841D35C0AF}.Debug|x64.Build.0 = Debug|x64
		{9AA4547B-7464-4361-9405-C0841D35C0AF}.Debug|x86.ActiveCfg = Debug|Win32
		{9AA4547B-7464-4361-9405-C0841D35C0AF}.Debug|x86.Build.0 = Debug|Win32
		{9AA4547B-7464-4361-9405-C0841D35C0AF}.Release|x64.ActiveCfg = Release|x64
		{9AA4547B-7464-4361-9405-C0841D35C0AF}.Release|x64.Build.0 = Release|x64
		{9AA4547B-7464-4361-9405-C0841D35C0AF}.Release|x86.ActiveCfg = Release|Win32
		{9AA4547B-7464-4361-9405-C0841D35C0AF}.Release|x86.Build.0 = Release|Win32
	EndGlobalSection
	GlobalSection(SolutionProperties) = preSolution
		HideSolutionNode = FALSE
	EndGlobalSection
	GlobalSection(ExtensibilityGlobals) = postSolution
		SolutionGuid = {6C078C36-1551-4AB7-859C-9802D084096A}
	EndGlobalSection
EndGlobal
